PODS:
  - Nimble (3.0.0)
  - Quick (0.8.0)
  - SimpleTransition (0.1.0)

DEPENDENCIES:
  - Nimble (= 3.0.0)
  - Quick (~> 0.8.0)
  - SimpleTransition (from `../`)

EXTERNAL SOURCES:
  SimpleTransition:
    :path: "../"

SPEC CHECKSUMS:
  Nimble: 4c353d43735b38b545cbb4cb91504588eb5de926
  Quick: 563d0f6ec5f72e394645adb377708639b7dd38ab
  SimpleTransition: 5c72c7b599355aad351d2722f9b4d1b21ff56563

COCOAPODS: 0.39.0
